lockfileVersion: '9.0'

settings:
  autoInstallPeers: true
  excludeLinksFromLockfile: false

importers:

  .:
    dependencies:
      '@hono/node-server':
        specifier: ^1.14.3
        version: 1.14.3(hono@4.7.10)
      '@hono/zod-validator':
        specifier: ^0.7.0
        version: 0.7.0(hono@4.7.10)(zod@3.25.42)
      '@prisma/client':
        specifier: ^6.8.2
        version: 6.8.2(prisma@6.8.2(typescript@5.8.3))(typescript@5.8.3)
      '@types/bcrypt':
        specifier: ^5.0.2
        version: 5.0.2
      '@types/node':
        specifier: ^22.15.27
        version: 22.15.27
      '@types/pg':
        specifier: ^8.15.2
        version: 8.15.2
      bcrypt:
        specifier: ^6.0.0
        version: 6.0.0
      hono:
        specifier: ^4.7.10
        version: 4.7.10
      node-cache:
        specifier: ^5.1.2
        version: 5.1.2
      pg:
        specifier: ^8.16.0
        version: 8.16.0
      prisma:
        specifier: ^6.8.2
        version: 6.8.2(typescript@5.8.3)
      redis:
        specifier: ^5.1.1
        version: 5.1.1
      typescript:
        specifier: ^5.8.3
        version: 5.8.3
      zod:
        specifier: ^3.25.42
        version: 3.25.42

packages:

  '@hono/node-server@1.14.3':
    resolution: {integrity: sha512-KuDMwwghtFYSmIpr4WrKs1VpelTrptvJ+6x6mbUcZnFcc213cumTF5BdqfHyW93B19TNI4Vaev14vOI2a0Ie3w==}
    engines: {node: '>=18.14.1'}
    peerDependencies:
      hono: ^4

  '@hono/zod-validator@0.7.0':
    resolution: {integrity: sha512-qe2ZE6sHFE98dcUrbYMtS3bAV8hqcCOflykvZga2S7XhmNSZzT+dIz4OuMILsjLHkJw9JMn912/dB7dQOmuPvg==}
    peerDependencies:
      hono: '>=3.9.0'
      zod: ^3.25.0

  '@prisma/client@6.8.2':
    resolution: {integrity: sha512-5II+vbyzv4si6Yunwgkj0qT/iY0zyspttoDrL3R4BYgLdp42/d2C8xdi9vqkrYtKt9H32oFIukvyw3Koz5JoDg==}
    engines: {node: '>=18.18'}
    peerDependencies:
      prisma: '*'
      typescript: '>=5.1.0'
    peerDependenciesMeta:
      prisma:
        optional: true
      typescript:
        optional: true

  '@prisma/config@6.8.2':
    resolution: {integrity: sha512-ZJY1fF4qRBPdLQ/60wxNtX+eu89c3AkYEcP7L3jkp0IPXCNphCYxikTg55kPJLDOG6P0X+QG5tCv6CmsBRZWFQ==}

  '@prisma/debug@6.8.2':
    resolution: {integrity: sha512-4muBSSUwJJ9BYth5N8tqts8JtiLT8QI/RSAzEogwEfpbYGFo9mYsInsVo8dqXdPO2+Rm5OG5q0qWDDE3nyUbVg==}

  '@prisma/engines-version@6.8.0-43.2060c79ba17c6bb9f5823312b6f6b7f4a845738e':
    resolution: {integrity: sha512-Rkik9lMyHpFNGaLpPF3H5q5TQTkm/aE7DsGM5m92FZTvWQsvmi6Va8On3pWvqLHOt5aPUvFb/FeZTmphI4CPiQ==}

  '@prisma/engines@6.8.2':
    resolution: {integrity: sha512-XqAJ//LXjqYRQ1RRabs79KOY4+v6gZOGzbcwDQl0D6n9WBKjV7qdrbd042CwSK0v0lM9MSHsbcFnU2Yn7z8Zlw==}

  '@prisma/fetch-engine@6.8.2':
    resolution: {integrity: sha512-lCvikWOgaLOfqXGacEKSNeenvj0n3qR5QvZUOmPE2e1Eh8cMYSobxonCg9rqM6FSdTfbpqp9xwhSAOYfNqSW0g==}

  '@prisma/get-platform@6.8.2':
    resolution: {integrity: sha512-vXSxyUgX3vm1Q70QwzwkjeYfRryIvKno1SXbIqwSptKwqKzskINnDUcx85oX+ys6ooN2ATGSD0xN2UTfg6Zcow==}

  '@redis/bloom@5.1.1':
    resolution: {integrity: sha512-PnMcvpL7O2DHtnSL5JtyNmraNrdHuJXi3u2isGTUuPgkbAuWQKfZdknq471ySILL+qKtLfVJqzgDFMjYmZzK6Q==}
    engines: {node: '>= 18'}
    peerDependencies:
      '@redis/client': ^5.1.1

  '@redis/client@5.1.1':
    resolution: {integrity: sha512-vojbBqUdbkD+ylCy3+ZDXLzSmgiYH9pLrv87kF+nDgsRaHKrVVxPV9B4u6EfWRx7XGvQGZqsXVkKFhsEOsG3LA==}
    engines: {node: '>= 18'}

  '@redis/json@5.1.1':
    resolution: {integrity: sha512-A5M0dcgxGKq+oE6spIPBcGLDBiwoSPTs2wesVb4x30rXfG6rPtqt1Z7fCMtvTL2kHUNRKgZ78zhD+0+MENZt7g==}
    engines: {node: '>= 18'}
    peerDependencies:
      '@redis/client': ^5.1.1

  '@redis/search@5.1.1':
    resolution: {integrity: sha512-bChudQmcqfYUxEGMeXMkljXtwse4hzqcqRwbZDwRyYe+EEeW/lXVl3w/mS2tHnAb2yqGnfDghid8iHEtVNqjww==}
    engines: {node: '>= 18'}
    peerDependencies:
      '@redis/client': ^5.1.1

  '@redis/time-series@5.1.1':
    resolution: {integrity: sha512-HPjZLfcZxh5mBLqRgx7KCZG6JXxGnb7yJqo9qZ/KMTWK/k3SWyH47DHJbYbRNzKOEkbK/l/5kikDTm79uJuCbg==}
    engines: {node: '>= 18'}
    peerDependencies:
      '@redis/client': ^5.1.1

  '@types/bcrypt@5.0.2':
    resolution: {integrity: sha512-6atioO8Y75fNcbmj0G7UjI9lXN2pQ/IGJ2FWT4a/btd0Lk9lQalHLKhkgKVZ3r+spnmWUKfbMi1GEe9wyHQfNQ==}

  '@types/node@20.17.55':
    resolution: {integrity: sha512-ESpPDUEtW1a9nueMQtcTq/5iY/7osurPpBpFKH2VAyREKdzoFRRod6Oms0SSTfV7u52CcH7b6dFVnjfPD8fxWg==}

  '@types/node@22.15.27':
    resolution: {integrity: sha512-5fF+eu5mwihV2BeVtX5vijhdaZOfkQTATrePEaXTcKqI16LhJ7gi2/Vhd9OZM0UojcdmiOCVg5rrax+i1MdoQQ==}

  '@types/pg@8.15.2':
    resolution: {integrity: sha512-+BKxo5mM6+/A1soSHBI7ufUglqYXntChLDyTbvcAn1Lawi9J7J9Ok3jt6w7I0+T/UDJ4CyhHk66+GZbwmkYxSg==}

  bcrypt@6.0.0:
    resolution: {integrity: sha512-cU8v/EGSrnH+HnxV2z0J7/blxH8gq7Xh2JFT6Aroax7UohdmiJJlxApMxtKfuI7z68NvvVcmR78k2LbT6efhRg==}
    engines: {node: '>= 18'}

  clone@2.1.2:
    resolution: {integrity: sha512-3Pe/CF1Nn94hyhIYpjtiLhdCoEoz0DqQ+988E9gmeEdQZlojxnOb74wctFyuwWQHzqyf9X7C7MG8juUpqBJT8w==}
    engines: {node: '>=0.8'}

  cluster-key-slot@1.1.2:
    resolution: {integrity: sha512-RMr0FhtfXemyinomL4hrWcYJxmX6deFdCxpJzhDttxgO1+bcCnkk+9drydLVDmAMG7NE6aN/fl4F7ucU/90gAA==}
    engines: {node: '>=0.10.0'}

  hono@4.7.10:
    resolution: {integrity: sha512-QkACju9MiN59CKSY5JsGZCYmPZkA6sIW6OFCUp7qDjZu6S6KHtJHhAc9Uy9mV9F8PJ1/HQ3ybZF2yjCa/73fvQ==}
    engines: {node: '>=16.9.0'}

  jiti@2.4.2:
    resolution: {integrity: sha512-rg9zJN+G4n2nfJl5MW3BMygZX56zKPNVEYYqq7adpmMh4Jn2QNEwhvQlFy6jPVdcod7txZtKHWnyZiA3a0zP7A==}
    hasBin: true

  node-addon-api@8.3.1:
    resolution: {integrity: sha512-lytcDEdxKjGJPTLEfW4mYMigRezMlyJY8W4wxJK8zE533Jlb8L8dRuObJFWg2P+AuOIxoCgKF+2Oq4d4Zd0OUA==}
    engines: {node: ^18 || ^20 || >= 21}

  node-cache@5.1.2:
    resolution: {integrity: sha512-t1QzWwnk4sjLWaQAS8CHgOJ+RAfmHpxFWmc36IWTiWHQfs0w5JDMBS1b1ZxQteo0vVVuWJvIUKHDkkeK7vIGCg==}
    engines: {node: '>= 8.0.0'}

  node-gyp-build@4.8.4:
    resolution: {integrity: sha512-LA4ZjwlnUblHVgq0oBF3Jl/6h/Nvs5fzBLwdEF4nuxnFdsfajde4WfxtJr3CaiH+F6ewcIB/q4jQ4UzPyid+CQ==}
    hasBin: true

  obuf@1.1.2:
    resolution: {integrity: sha512-PX1wu0AmAdPqOL1mWhqmlOd8kOIZQwGZw6rh7uby9fTc5lhaOWFLX3I6R1hrF9k3zUY40e6igsLGkDXK92LJNg==}

  pg-cloudflare@1.2.5:
    resolution: {integrity: sha512-OOX22Vt0vOSRrdoUPKJ8Wi2OpE/o/h9T8X1s4qSkCedbNah9ei2W2765be8iMVxQUsvgT7zIAT2eIa9fs5+vtg==}

  pg-connection-string@2.9.0:
    resolution: {integrity: sha512-P2DEBKuvh5RClafLngkAuGe9OUlFV7ebu8w1kmaaOgPcpJd1RIFh7otETfI6hAR8YupOLFTY7nuvvIn7PLciUQ==}

  pg-int8@1.0.1:
    resolution: {integrity: sha512-WCtabS6t3c8SkpDBUlb1kjOs7l66xsGdKpIPZsg4wR+B3+u9UAum2odSsF9tnvxg80h4ZxLWMy4pRjOsFIqQpw==}
    engines: {node: '>=4.0.0'}

  pg-numeric@1.0.2:
    resolution: {integrity: sha512-BM/Thnrw5jm2kKLE5uJkXqqExRUY/toLHda65XgFTBTFYZyopbKjBe29Ii3RbkvlsMoFwD+tHeGaCjjv0gHlyw==}
    engines: {node: '>=4'}

  pg-pool@3.10.0:
    resolution: {integrity: sha512-DzZ26On4sQ0KmqnO34muPcmKbhrjmyiO4lCCR0VwEd7MjmiKf5NTg/6+apUEu0NF7ESa37CGzFxH513CoUmWnA==}
    peerDependencies:
      pg: '>=8.0'

  pg-protocol@1.10.0:
    resolution: {integrity: sha512-IpdytjudNuLv8nhlHs/UrVBhU0e78J0oIS/0AVdTbWxSOkFUVdsHC/NrorO6nXsQNDTT1kzDSOMJubBQviX18Q==}

  pg-types@2.2.0:
    resolution: {integrity: sha512-qTAAlrEsl8s4OiEQY69wDvcMIdQN6wdz5ojQiOy6YRMuynxenON0O5oCpJI6lshc6scgAY8qvJ2On/p+CXY0GA==}
    engines: {node: '>=4'}

  pg-types@4.0.2:
    resolution: {integrity: sha512-cRL3JpS3lKMGsKaWndugWQoLOCoP+Cic8oseVcbr0qhPzYD5DWXK+RZ9LY9wxRf7RQia4SCwQlXk0q6FCPrVng==}
    engines: {node: '>=10'}

  pg@8.16.0:
    resolution: {integrity: sha512-7SKfdvP8CTNXjMUzfcVTaI+TDzBEeaUnVwiVGZQD1Hh33Kpev7liQba9uLd4CfN8r9mCVsD0JIpq03+Unpz+kg==}
    engines: {node: '>= 8.0.0'}
    peerDependencies:
      pg-native: '>=3.0.1'
    peerDependenciesMeta:
      pg-native:
        optional: true

  pgpass@1.0.5:
    resolution: {integrity: sha512-FdW9r/jQZhSeohs1Z3sI1yxFQNFvMcnmfuj4WBMUTxOrAyLMaTcE1aAMBiTlbMNaXvBCQuVi0R7hd8udDSP7ug==}

  postgres-array@2.0.0:
    resolution: {integrity: sha512-VpZrUqU5A69eQyW2c5CA1jtLecCsN2U/bD6VilrFDWq5+5UIEVO7nazS3TEcHf1zuPYO/sqGvUvW62g86RXZuA==}
    engines: {node: '>=4'}

  postgres-array@3.0.4:
    resolution: {integrity: sha512-nAUSGfSDGOaOAEGwqsRY27GPOea7CNipJPOA7lPbdEpx5Kg3qzdP0AaWC5MlhTWV9s4hFX39nomVZ+C4tnGOJQ==}
    engines: {node: '>=12'}

  postgres-bytea@1.0.0:
    resolution: {integrity: sha512-xy3pmLuQqRBZBXDULy7KbaitYqLcmxigw14Q5sj8QBVLqEwXfeybIKVWiqAXTlcvdvb0+xkOtDbfQMOf4lST1w==}
    engines: {node: '>=0.10.0'}

  postgres-bytea@3.0.0:
    resolution: {integrity: sha512-CNd4jim9RFPkObHSjVHlVrxoVQXz7quwNFpz7RY1okNNme49+sVyiTvTRobiLV548Hx/hb1BG+iE7h9493WzFw==}
    engines: {node: '>= 6'}

  postgres-date@1.0.7:
    resolution: {integrity: sha512-suDmjLVQg78nMK2UZ454hAG+OAW+HQPZ6n++TNDUX+L0+uUlLywnoxJKDou51Zm+zTCjrCl0Nq6J9C5hP9vK/Q==}
    engines: {node: '>=0.10.0'}

  postgres-date@2.1.0:
    resolution: {integrity: sha512-K7Juri8gtgXVcDfZttFKVmhglp7epKb1K4pgrkLxehjqkrgPhfG6OO8LHLkfaqkbpjNRnra018XwAr1yQFWGcA==}
    engines: {node: '>=12'}

  postgres-interval@1.2.0:
    resolution: {integrity: sha512-9ZhXKM/rw350N1ovuWHbGxnGh/SNJ4cnxHiM0rxE4VN41wsg8P8zWn9hv/buK00RP4WvlOyr/RBDiptyxVbkZQ==}
    engines: {node: '>=0.10.0'}

  postgres-interval@3.0.0:
    resolution: {integrity: sha512-BSNDnbyZCXSxgA+1f5UU2GmwhoI0aU5yMxRGO8CdFEcY2BQF9xm/7MqKnYoM1nJDk8nONNWDk9WeSmePFhQdlw==}
    engines: {node: '>=12'}

  postgres-range@1.1.4:
    resolution: {integrity: sha512-i/hbxIE9803Alj/6ytL7UHQxRvZkI9O4Sy+J3HGc4F4oo/2eQAjTSNJ0bfxyse3bH0nuVesCk+3IRLaMtG3H6w==}

  prisma@6.8.2:
    resolution: {integrity: sha512-JNricTXQxzDtRS7lCGGOB4g5DJ91eg3nozdubXze3LpcMl1oWwcFddrj++Up3jnRE6X/3gB/xz3V+ecBk/eEGA==}
    engines: {node: '>=18.18'}
    hasBin: true
    peerDependencies:
      typescript: '>=5.1.0'
    peerDependenciesMeta:
      typescript:
        optional: true

  redis@5.1.1:
    resolution: {integrity: sha512-4t6n2Q9aFqpQnqBR/g84zsXW+U0hdSzYymqoGGZk44p+kuzzHbgukjOAca+PlQ563TbXcgv1njerllYWjAWw4g==}
    engines: {node: '>= 18'}

  split2@4.2.0:
    resolution: {integrity: sha512-UcjcJOWknrNkF6PLX83qcHM6KHgVKNkV62Y8a5uYDVv9ydGQVwAHMKqHdJje1VTWpljG0WYpCDhrCdAOYH4TWg==}
    engines: {node: '>= 10.x'}

  typescript@5.8.3:
    resolution: {integrity: sha512-p1diW6TqL9L07nNxvRMM7hMMw4c5XOo/1ibL4aAIGmSAt9slTE1Xgw5KWuof2uTOvCg9BY7ZRi+GaF+7sfgPeQ==}
    engines: {node: '>=14.17'}
    hasBin: true

  undici-types@6.19.8:
    resolution: {integrity: sha512-ve2KP6f/JnbPBFyobGHuerC9g1FYGn/F8n1LWTwNxCEzd6IfqTwUQcNXgEtmmQ6DlRrC1hrSrBnCZPokRrDHjw==}

  undici-types@6.21.0:
    resolution: {integrity: sha512-iwDZqg0QAGrg9Rav5H4n0M64c3mkR59cJ6wQp+7C4nI0gsmExaedaYLNO44eT4AtBBwjbTiGPMlt2Md0T9H9JQ==}

  xtend@4.0.2:
    resolution: {integrity: sha512-LKYU1iAXJXUgAXn9URjiu+MWhyUXHsvfp7mcuYm9dSUKK0/CjtrUwFAxD82/mCWbtLsGjFIad0wIsod4zrTAEQ==}
    engines: {node: '>=0.4'}

  zod@3.25.42:
    resolution: {integrity: sha512-PcALTLskaucbeHc41tU/xfjfhcz8z0GdhhDcSgrCTmSazUuqnYqiXO63M0QUBVwpBlsLsNVn5qHSC5Dw3KZvaQ==}

snapshots:

  '@hono/node-server@1.14.3(hono@4.7.10)':
    dependencies:
      hono: 4.7.10

  '@hono/zod-validator@0.7.0(hono@4.7.10)(zod@3.25.42)':
    dependencies:
      hono: 4.7.10
      zod: 3.25.42

  '@prisma/client@6.8.2(prisma@6.8.2(typescript@5.8.3))(typescript@5.8.3)':
    optionalDependencies:
      prisma: 6.8.2(typescript@5.8.3)
      typescript: 5.8.3

  '@prisma/config@6.8.2':
    dependencies:
      jiti: 2.4.2

  '@prisma/debug@6.8.2': {}

  '@prisma/engines-version@6.8.0-43.2060c79ba17c6bb9f5823312b6f6b7f4a845738e': {}

  '@prisma/engines@6.8.2':
    dependencies:
      '@prisma/debug': 6.8.2
      '@prisma/engines-version': 6.8.0-43.2060c79ba17c6bb9f5823312b6f6b7f4a845738e
      '@prisma/fetch-engine': 6.8.2
      '@prisma/get-platform': 6.8.2

  '@prisma/fetch-engine@6.8.2':
    dependencies:
      '@prisma/debug': 6.8.2
      '@prisma/engines-version': 6.8.0-43.2060c79ba17c6bb9f5823312b6f6b7f4a845738e
      '@prisma/get-platform': 6.8.2

  '@prisma/get-platform@6.8.2':
    dependencies:
      '@prisma/debug': 6.8.2

  '@redis/bloom@5.1.1(@redis/client@5.1.1)':
    dependencies:
      '@redis/client': 5.1.1

  '@redis/client@5.1.1':
    dependencies:
      cluster-key-slot: 1.1.2

  '@redis/json@5.1.1(@redis/client@5.1.1)':
    dependencies:
      '@redis/client': 5.1.1

  '@redis/search@5.1.1(@redis/client@5.1.1)':
    dependencies:
      '@redis/client': 5.1.1

  '@redis/time-series@5.1.1(@redis/client@5.1.1)':
    dependencies:
      '@redis/client': 5.1.1

  '@types/bcrypt@5.0.2':
    dependencies:
      '@types/node': 20.17.55

  '@types/node@20.17.55':
    dependencies:
      undici-types: 6.19.8

  '@types/node@22.15.27':
    dependencies:
      undici-types: 6.21.0

  '@types/pg@8.15.2':
    dependencies:
      '@types/node': 20.17.55
      pg-protocol: 1.10.0
      pg-types: 4.0.2

  bcrypt@6.0.0:
    dependencies:
      node-addon-api: 8.3.1
      node-gyp-build: 4.8.4

  clone@2.1.2: {}

  cluster-key-slot@1.1.2: {}

  hono@4.7.10: {}

  jiti@2.4.2: {}

  node-addon-api@8.3.1: {}

  node-cache@5.1.2:
    dependencies:
      clone: 2.1.2

  node-gyp-build@4.8.4: {}

  obuf@1.1.2: {}

  pg-cloudflare@1.2.5:
    optional: true

  pg-connection-string@2.9.0: {}

  pg-int8@1.0.1: {}

  pg-numeric@1.0.2: {}

  pg-pool@3.10.0(pg@8.16.0):
    dependencies:
      pg: 8.16.0

  pg-protocol@1.10.0: {}

  pg-types@2.2.0:
    dependencies:
      pg-int8: 1.0.1
      postgres-array: 2.0.0
      postgres-bytea: 1.0.0
      postgres-date: 1.0.7
      postgres-interval: 1.2.0

  pg-types@4.0.2:
    dependencies:
      pg-int8: 1.0.1
      pg-numeric: 1.0.2
      postgres-array: 3.0.4
      postgres-bytea: 3.0.0
      postgres-date: 2.1.0
      postgres-interval: 3.0.0
      postgres-range: 1.1.4

  pg@8.16.0:
    dependencies:
      pg-connection-string: 2.9.0
      pg-pool: 3.10.0(pg@8.16.0)
      pg-protocol: 1.10.0
      pg-types: 2.2.0
      pgpass: 1.0.5
    optionalDependencies:
      pg-cloudflare: 1.2.5

  pgpass@1.0.5:
    dependencies:
      split2: 4.2.0

  postgres-array@2.0.0: {}

  postgres-array@3.0.4: {}

  postgres-bytea@1.0.0: {}

  postgres-bytea@3.0.0:
    dependencies:
      obuf: 1.1.2

  postgres-date@1.0.7: {}

  postgres-date@2.1.0: {}

  postgres-interval@1.2.0:
    dependencies:
      xtend: 4.0.2

  postgres-interval@3.0.0: {}

  postgres-range@1.1.4: {}

  prisma@6.8.2(typescript@5.8.3):
    dependencies:
      '@prisma/config': 6.8.2
      '@prisma/engines': 6.8.2
    optionalDependencies:
      typescript: 5.8.3

  redis@5.1.1:
    dependencies:
      '@redis/bloom': 5.1.1(@redis/client@5.1.1)
      '@redis/client': 5.1.1
      '@redis/json': 5.1.1(@redis/client@5.1.1)
      '@redis/search': 5.1.1(@redis/client@5.1.1)
      '@redis/time-series': 5.1.1(@redis/client@5.1.1)

  split2@4.2.0: {}

  typescript@5.8.3: {}

  undici-types@6.19.8: {}

  undici-types@6.21.0: {}

  xtend@4.0.2: {}

  zod@3.25.42: {}
